// !$*UTF8*$!
{
	archiveVersion = 1;
	classes = {
	};
	objectVersion = 55;
	objects = {

/* Begin PBXBuildFile section */
		6B1F671E27C2986100C1D463 /* BeAwareOfBiasesApp.swift in Sources */ = {isa = PBXBuildFile; fileRef = 6B1F671D27C2986100C1D463 /* BeAwareOfBiasesApp.swift */; };
		6B1F672227C2986300C1D463 /* Assets.xcassets in Resources */ = {isa = PBXBuildFile; fileRef = 6B1F672127C2986300C1D463 /* Assets.xcassets */; };
		6B1F672527C2986300C1D463 /* Preview Assets.xcassets in Resources */ = {isa = PBXBuildFile; fileRef = 6B1F672427C2986300C1D463 /* Preview Assets.xcassets */; };
		6B1F673027C298DB00C1D463 /* Home.swift in Sources */ = {isa = PBXBuildFile; fileRef = 6B1F672F27C298DB00C1D463 /* Home.swift */; };
		6B1F673227C298F500C1D463 /* Biase.swift in Sources */ = {isa = PBXBuildFile; fileRef = 6B1F673127C298F500C1D463 /* Biase.swift */; };
		6B1F673427C2998400C1D463 /* HomeViewModel.swift in Sources */ = {isa = PBXBuildFile; fileRef = 6B1F673327C2998400C1D463 /* HomeViewModel.swift */; };
		6B1F673827C29A7B00C1D463 /* BiasType.swift in Sources */ = {isa = PBXBuildFile; fileRef = 6B1F673727C29A7B00C1D463 /* BiasType.swift */; };
		6B1F673E27C2B1FD00C1D463 /* CustomCorner.swift in Sources */ = {isa = PBXBuildFile; fileRef = 6B1F673D27C2B1FD00C1D463 /* CustomCorner.swift */; };
		6B1F674027C2B48300C1D463 /* Rubricator.swift in Sources */ = {isa = PBXBuildFile; fileRef = 6B1F673F27C2B48300C1D463 /* Rubricator.swift */; };
		6B6D708127C37B3D002FEBF6 /* BiaseCard.swift in Sources */ = {isa = PBXBuildFile; fileRef = 6B6D708027C37B3D002FEBF6 /* BiaseCard.swift */; };
		6B6D708327C3C350002FEBF6 /* BiaseCardMini.swift in Sources */ = {isa = PBXBuildFile; fileRef = 6B6D708227C3C350002FEBF6 /* BiaseCardMini.swift */; };
		6BDF63CB27CA9DFA00505419 /* Localizable.strings in Resources */ = {isa = PBXBuildFile; fileRef = 6BDF63CD27CA9DFA00505419 /* Localizable.strings */; };
/* End PBXBuildFile section */

/* Begin PBXFileReference section */
		6B1F671A27C2986100C1D463 /* BeAwareOfBiases.app */ = {isa = PBXFileReference; explicitFileType = wrapper.application; includeInIndex = 0; path = BeAwareOfBiases.app; sourceTree = BUILT_PRODUCTS_DIR; };
		6B1F671D27C2986100C1D463 /* BeAwareOfBiasesApp.swift */ = {isa = PBXFileReference; lastKnownFileType = sourcecode.swift; path = BeAwareOfBiasesApp.swift; sourceTree = "<group>"; };
		6B1F672127C2986300C1D463 /* Assets.xcassets */ = {isa = PBXFileReference; lastKnownFileType = folder.assetcatalog; path = Assets.xcassets; sourceTree = "<group>"; };
		6B1F672427C2986300C1D463 /* Preview Assets.xcassets */ = {isa = PBXFileReference; lastKnownFileType = folder.assetcatalog; path = "Preview Assets.xcassets"; sourceTree = "<group>"; };
		6B1F672F27C298DB00C1D463 /* Home.swift */ = {isa = PBXFileReference; lastKnownFileType = sourcecode.swift; path = Home.swift; sourceTree = "<group>"; };
		6B1F673127C298F500C1D463 /* Biase.swift */ = {isa = PBXFileReference; lastKnownFileType = sourcecode.swift; path = Biase.swift; sourceTree = "<group>"; };
		6B1F673327C2998400C1D463 /* HomeViewModel.swift */ = {isa = PBXFileReference; lastKnownFileType = sourcecode.swift; path = HomeViewModel.swift; sourceTree = "<group>"; };
		6B1F673727C29A7B00C1D463 /* BiasType.swift */ = {isa = PBXFileReference; lastKnownFileType = sourcecode.swift; path = BiasType.swift; sourceTree = "<group>"; };
		6B1F673D27C2B1FD00C1D463 /* CustomCorner.swift */ = {isa = PBXFileReference; lastKnownFileType = sourcecode.swift; path = CustomCorner.swift; sourceTree = "<group>"; };
		6B1F673F27C2B48300C1D463 /* Rubricator.swift */ = {isa = PBXFileReference; lastKnownFileType = sourcecode.swift; path = Rubricator.swift; sourceTree = "<group>"; };
		6B6D708027C37B3D002FEBF6 /* BiaseCard.swift */ = {isa = PBXFileReference; lastKnownFileType = sourcecode.swift; path = BiaseCard.swift; sourceTree = "<group>"; };
		6B6D708227C3C350002FEBF6 /* BiaseCardMini.swift */ = {isa = PBXFileReference; lastKnownFileType = sourcecode.swift; path = BiaseCardMini.swift; sourceTree = "<group>"; };
		6BDF63CC27CA9DFA00505419 /* ru */ = {isa = PBXFileReference; lastKnownFileType = text.plist.strings; name = ru; path = ru.lproj/Localizable.strings; sourceTree = "<group>"; };
/* End PBXFileReference section */

/* Begin PBXFrameworksBuildPhase section */
		6B1F671727C2986100C1D463 /* Frameworks */ = {
			isa = PBXFrameworksBuildPhase;
			buildActionMask = 2147483647;
			files = (
			);
			runOnlyForDeploymentPostprocessing = 0;
		};
/* End PBXFrameworksBuildPhase section */

/* Begin PBXGroup section */
		6B1F671127C2986100C1D463 = {
			isa = PBXGroup;
			children = (
				6B1F671C27C2986100C1D463 /* BeAwareOfBiases */,
				6B1F671B27C2986100C1D463 /* Products */,
			);
			sourceTree = "<group>";
		};
		6B1F671B27C2986100C1D463 /* Products */ = {
			isa = PBXGroup;
			children = (
				6B1F671A27C2986100C1D463 /* BeAwareOfBiases.app */,
			);
			name = Products;
			sourceTree = "<group>";
		};
		6B1F671C27C2986100C1D463 /* BeAwareOfBiases */ = {
			isa = PBXGroup;
			children = (
				6B1F672D27C2989B00C1D463 /* ViewModel */,
				6B1F672C27C2989200C1D463 /* Model */,
				6B1F672B27C2988600C1D463 /* Views */,
				6B1F673B27C2B1D200C1D463 /* Helpers */,
				6B1F672E27C298A800C1D463 /* System */,
				6B1F672327C2986300C1D463 /* Preview Content */,
			);
			path = BeAwareOfBiases;
			sourceTree = "<group>";
		};
		6B1F672327C2986300C1D463 /* Preview Content */ = {
			isa = PBXGroup;
			children = (
				6B1F672427C2986300C1D463 /* Preview Assets.xcassets */,
			);
			path = "Preview Content";
			sourceTree = "<group>";
		};
		6B1F672B27C2988600C1D463 /* Views */ = {
			isa = PBXGroup;
			children = (
				6B1F673927C29D6000C1D463 /* Home */,
			);
			path = Views;
			sourceTree = "<group>";
		};
		6B1F672C27C2989200C1D463 /* Model */ = {
			isa = PBXGroup;
			children = (
				6B1F673627C29A1400C1D463 /* Bias types */,
				6B1F673527C29A0E00C1D463 /* Biase */,
			);
			path = Model;
			sourceTree = "<group>";
		};
		6B1F672D27C2989B00C1D463 /* ViewModel */ = {
			isa = PBXGroup;
			children = (
				6B1F673A27C29D6900C1D463 /* HomeViewModel */,
			);
			path = ViewModel;
			sourceTree = "<group>";
		};
		6B1F672E27C298A800C1D463 /* System */ = {
			isa = PBXGroup;
			children = (
				6BDF63CD27CA9DFA00505419 /* Localizable.strings */,
				6B1F672127C2986300C1D463 /* Assets.xcassets */,
				6B1F671D27C2986100C1D463 /* BeAwareOfBiasesApp.swift */,
			);
			path = System;
			sourceTree = "<group>";
		};
		6B1F673527C29A0E00C1D463 /* Biase */ = {
			isa = PBXGroup;
			children = (
				6B1F673127C298F500C1D463 /* Biase.swift */,
			);
			path = Biase;
			sourceTree = "<group>";
		};
		6B1F673627C29A1400C1D463 /* Bias types */ = {
			isa = PBXGroup;
			children = (
				6B1F673727C29A7B00C1D463 /* BiasType.swift */,
			);
			path = "Bias types";
			sourceTree = "<group>";
		};
		6B1F673927C29D6000C1D463 /* Home */ = {
			isa = PBXGroup;
			children = (
				6B1F672F27C298DB00C1D463 /* Home.swift */,
				6B1F673F27C2B48300C1D463 /* Rubricator.swift */,
				6B6D708027C37B3D002FEBF6 /* BiaseCard.swift */,
				6B6D708227C3C350002FEBF6 /* BiaseCardMini.swift */,
			);
			path = Home;
			sourceTree = "<group>";
		};
		6B1F673A27C29D6900C1D463 /* HomeViewModel */ = {
			isa = PBXGroup;
			children = (
				6B1F673327C2998400C1D463 /* HomeViewModel.swift */,
			);
			path = HomeViewModel;
			sourceTree = "<group>";
		};
		6B1F673B27C2B1D200C1D463 /* Helpers */ = {
			isa = PBXGroup;
			children = (
				6B1F673C27C2B1E700C1D463 /* CustomCorner */,
			);
			path = Helpers;
			sourceTree = "<group>";
		};
		6B1F673C27C2B1E700C1D463 /* CustomCorner */ = {
			isa = PBXGroup;
			children = (
				6B1F673D27C2B1FD00C1D463 /* CustomCorner.swift */,
			);
			path = CustomCorner;
			sourceTree = "<group>";
		};
/* End PBXGroup section */

/* Begin PBXNativeTarget section */
		6B1F671927C2986100C1D463 /* BeAwareOfBiases */ = {
			isa = PBXNativeTarget;
			buildConfigurationList = 6B1F672827C2986300C1D463 /* Build configuration list for PBXNativeTarget "BeAwareOfBiases" */;
			buildPhases = (
				6B1F671627C2986100C1D463 /* Sources */,
				6B1F671727C2986100C1D463 /* Frameworks */,
				6B1F671827C2986100C1D463 /* Resources */,
			);
			buildRules = (
			);
			dependencies = (
			);
			name = BeAwareOfBiases;
			productName = BeAwareOfBiases;
			productReference = 6B1F671A27C2986100C1D463 /* BeAwareOfBiases.app */;
			productType = "com.apple.product-type.application";
		};
/* End PBXNativeTarget section */

/* Begin PBXProject section */
		6B1F671227C2986100C1D463 /* Project object */ = {
			isa = PBXProject;
			attributes = {
				BuildIndependentTargetsInParallel = 1;
				LastSwiftUpdateCheck = 1320;
				LastUpgradeCheck = 1320;
				TargetAttributes = {
					6B1F671927C2986100C1D463 = {
						CreatedOnToolsVersion = 13.2.1;
					};
				};
			};
			buildConfigurationList = 6B1F671527C2986100C1D463 /* Build configuration list for PBXProject "BeAwareOfBiases" */;
			compatibilityVersion = "Xcode 13.0";
			developmentRegion = en;
			hasScannedForEncodings = 0;
			knownRegions = (
				en,
				Base,
				ru,
			);
			mainGroup = 6B1F671127C2986100C1D463;
			productRefGroup = 6B1F671B27C2986100C1D463 /* Products */;
			projectDirPath = "";
			projectRoot = "";
			targets = (
				6B1F671927C2986100C1D463 /* BeAwareOfBiases */,
			);
		};
/* End PBXProject section */

/* Begin PBXResourcesBuildPhase section */
		6B1F671827C2986100C1D463 /* Resources */ = {
			isa = PBXResourcesBuildPhase;
			buildActionMask = 2147483647;
			files = (
				6B1F672527C2986300C1D463 /* Preview Assets.xcassets in Resources */,
				6BDF63CB27CA9DFA00505419 /* Localizable.strings in Resources */,
				6B1F672227C2986300C1D463 /* Assets.xcassets in Resources */,
			);
			runOnlyForDeploymentPostprocessing = 0;
		};
/* End PBXResourcesBuildPhase section */

/* Begin PBXSourcesBuildPhase section */
		6B1F671627C2986100C1D463 /* Sources */ = {
			isa = PBXSourcesBuildPhase;
			buildActionMask = 2147483647;
			files = (
				6B6D708127C37B3D002FEBF6 /* BiaseCard.swift in Sources */,
				6B1F674027C2B48300C1D463 /* Rubricator.swift in Sources */,
				6B1F673027C298DB00C1D463 /* Home.swift in Sources */,
				6B1F673827C29A7B00C1D463 /* BiasType.swift in Sources */,
				6B1F673227C298F500C1D463 /* Biase.swift in Sources */,
				6B1F673E27C2B1FD00C1D463 /* CustomCorner.swift in Sources */,
				6B6D708327C3C350002FEBF6 /* BiaseCardMini.swift in Sources */,
				6B1F671E27C2986100C1D463 /* BeAwareOfBiasesApp.swift in Sources */,
				6B1F673427C2998400C1D463 /* HomeViewModel.swift in Sources */,
			);
			runOnlyForDeploymentPostprocessing = 0;
		};
/* End PBXSourcesBuildPhase section */

/* Begin PBXVariantGroup section */
		6BDF63CD27CA9DFA00505419 /* Localizable.strings */ = {
			isa = PBXVariantGroup;
			children = (
				6BDF63CC27CA9DFA00505419 /* ru */,
			);
			name = Localizable.strings;
			sourceTree = "<group>";
		};
/* End PBXVariantGroup section */

/* Begin XCBuildConfiguration section */
		6B1F672627C2986300C1D463 /* Debug */ = {
			isa = XCBuildConfiguration;
			buildSettings = {
				ALWAYS_SEARCH_USER_PATHS = NO;
				CLANG_ANALYZER_NONNULL = YES;
				CLANG_ANALYZER_NUMBER_OBJECT_CONVERSION = YES_AGGRESSIVE;
				CLANG_CXX_LANGUAGE_STANDARD = "gnu++17";
				CLANG_CXX_LIBRARY = "libc++";
				CLANG_ENABLE_MODULES = YES;
				CLANG_ENABLE_OBJC_ARC = YES;
				CLANG_ENABLE_OBJC_WEAK = YES;
				CLANG_WARN_BLOCK_CAPTURE_AUTORELEASING = YES;
				CLANG_WARN_BOOL_CONVERSION = YES;
				CLANG_WARN_COMMA = YES;
				CLANG_WARN_CONSTANT_CONVERSION = YES;
				CLANG_WARN_DEPRECATED_OBJC_IMPLEMENTATIONS = YES;
				CLANG_WARN_DIRECT_OBJC_ISA_USAGE = YES_ERROR;
				CLANG_WARN_DOCUMENTATION_COMMENTS = YES;
				CLANG_WARN_EMPTY_BODY = YES;
				CLANG_WARN_ENUM_CONVERSION = YES;
				CLANG_WARN_INFINITE_RECURSION = YES;
				CLANG_WARN_INT_CONVERSION = YES;
				CLANG_WARN_NON_LITERAL_NULL_CONVERSION = YES;
				CLANG_WARN_OBJC_IMPLICIT_RETAIN_SELF = YES;
				CLANG_WARN_OBJC_LITERAL_CONVERSION = YES;
				CLANG_WARN_OBJC_ROOT_CLASS = YES_ERROR;
				CLANG_WARN_QUOTED_INCLUDE_IN_FRAMEWORK_HEADER = YES;
				CLANG_WARN_RANGE_LOOP_ANALYSIS = YES;
				CLANG_WARN_STRICT_PROTOTYPES = YES;
				CLANG_WARN_SUSPICIOUS_MOVE = YES;
				CLANG_WARN_UNGUARDED_AVAILABILITY = YES_AGGRESSIVE;
				CLANG_WARN_UNREACHABLE_CODE = YES;
				CLANG_WARN__DUPLICATE_METHOD_MATCH = YES;
				COPY_PHASE_STRIP = NO;
				DEBUG_INFORMATION_FORMAT = dwarf;
				ENABLE_STRICT_OBJC_MSGSEND = YES;
				ENABLE_TESTABILITY = YES;
				GCC_C_LANGUAGE_STANDARD = gnu11;
				GCC_DYNAMIC_NO_PIC = NO;
				GCC_NO_COMMON_BLOCKS = YES;
				GCC_OPTIMIZATION_LEVEL = 0;
				GCC_PREPROCESSOR_DEFINITIONS = (
					"DEBUG=1",
					"$(inherited)",
				);
				GCC_WARN_64_TO_32_BIT_CONVERSION = YES;
				GCC_WARN_ABOUT_RETURN_TYPE = YES_ERROR;
				GCC_WARN_UNDECLARED_SELECTOR = YES;
				GCC_WARN_UNINITIALIZED_AUTOS = YES_AGGRESSIVE;
				GCC_WARN_UNUSED_FUNCTION = YES;
				GCC_WARN_UNUSED_VARIABLE = YES;
				IPHONEOS_DEPLOYMENT_TARGET = 14.0;
				MTL_ENABLE_DEBUG_INFO = INCLUDE_SOURCE;
				MTL_FAST_MATH = YES;
				ONLY_ACTIVE_ARCH = YES;
				SDKROOT = iphoneos;
				SWIFT_ACTIVE_COMPILATION_CONDITIONS = DEBUG;
				SWIFT_OPTIMIZATION_LEVEL = "-Onone";
			};
			name = Debug;
		};
		6B1F672727C2986300C1D463 /* Release */ = {
			isa = XCBuildConfiguration;
			buildSettings = {
				ALWAYS_SEARCH_USER_PATHS = NO;
				CLANG_ANALYZER_NONNULL = YES;
				CLANG_ANALYZER_NUMBER_OBJECT_CONVERSION = YES_AGGRESSIVE;
				CLANG_CXX_LANGUAGE_STANDARD = "gnu++17";
				CLANG_CXX_LIBRARY = "libc++";
				CLANG_ENABLE_MODULES = YES;
				CLANG_ENABLE_OBJC_ARC = YES;
				CLANG_ENABLE_OBJC_WEAK = YES;
				CLANG_WARN_BLOCK_CAPTURE_AUTORELEASING = YES;
				CLANG_WARN_BOOL_CONVERSION = YES;
				CLANG_WARN_COMMA = YES;
				CLANG_WARN_CONSTANT_CONVERSION = YES;
				CLANG_WARN_DEPRECATED_OBJC_IMPLEMENTATIONS = YES;
				CLANG_WARN_DIRECT_OBJC_ISA_USAGE = YES_ERROR;
				CLANG_WARN_DOCUMENTATION_COMMENTS = YES;
				CLANG_WARN_EMPTY_BODY = YES;
				CLANG_WARN_ENUM_CONVERSION = YES;
				CLANG_WARN_INFINITE_RECURSION = YES;
				CLANG_WARN_INT_CONVERSION = YES;
				CLANG_WARN_NON_LITERAL_NULL_CONVERSION = YES;
				CLANG_WARN_OBJC_IMPLICIT_RETAIN_SELF = YES;
				CLANG_WARN_OBJC_LITERAL_CONVERSION = YES;
				CLANG_WARN_OBJC_ROOT_CLASS = YES_ERROR;
				CLANG_WARN_QUOTED_INCLUDE_IN_FRAMEWORK_HEADER = YES;
				CLANG_WARN_RANGE_LOOP_ANALYSIS = YES;
				CLANG_WARN_STRICT_PROTOTYPES = YES;
				CLANG_WARN_SUSPICIOUS_MOVE = YES;
				CLANG_WARN_UNGUARDED_AVAILABILITY = YES_AGGRESSIVE;
				CLANG_WARN_UNREACHABLE_CODE = YES;
				CLANG_WARN__DUPLICATE_METHOD_MATCH = YES;
				COPY_PHASE_STRIP = NO;
				DEBUG_INFORMATION_FORMAT = "dwarf-with-dsym";
				ENABLE_NS_ASSERTIONS = NO;
				ENABLE_STRICT_OBJC_MSGSEND = YES;
				GCC_C_LANGUAGE_STANDARD = gnu11;
				GCC_NO_COMMON_BLOCKS = YES;
				GCC_WARN_64_TO_32_BIT_CONVERSION = YES;
				GCC_WARN_ABOUT_RETURN_TYPE = YES_ERROR;
				GCC_WARN_UNDECLARED_SELECTOR = YES;
				GCC_WARN_UNINITIALIZED_AUTOS = YES_AGGRESSIVE;
				GCC_WARN_UNUSED_FUNCTION = YES;
				GCC_WARN_UNUSED_VARIABLE = YES;
				IPHONEOS_DEPLOYMENT_TARGET = 14.0;
				MTL_ENABLE_DEBUG_INFO = NO;
				MTL_FAST_MATH = YES;
				SDKROOT = iphoneos;
				SWIFT_COMPILATION_MODE = wholemodule;
				SWIFT_OPTIMIZATION_LEVEL = "-O";
				VALIDATE_PRODUCT = YES;
			};
			name = Release;
		};
		6B1F672927C2986300C1D463 /* Debug */ = {
			isa = XCBuildConfiguration;
			buildSettings = {
				ASSETCATALOG_COMPILER_APPICON_NAME = AppIcon;
				ASSETCATALOG_COMPILER_GLOBAL_ACCENT_COLOR_NAME = AccentColor;
				CODE_SIGN_STYLE = Automatic;
				CURRENT_PROJECT_VERSION = 1;
				DEVELOPMENT_ASSET_PATHS = "\"BeAwareOfBiases/Preview Content\"";
				DEVELOPMENT_TEAM = XWJ7U5B2BL;
				ENABLE_PREVIEWS = YES;
				GENERATE_INFOPLIST_FILE = YES;
				INFOPLIST_KEY_UIApplicationSceneManifest_Generation = YES;
				INFOPLIST_KEY_UIApplicationSupportsIndirectInputEvents = YES;
				INFOPLIST_KEY_UILaunchScreen_Generation = YES;
				INFOPLIST_KEY_UISupportedInterfaceOrientations = UIInterfaceOrientationPortrait;
				INFOPLIST_KEY_UISupportedInterfaceOrientations_iPad = "UIInterfaceOrientationPortrait UIInterfaceOrientationPortraitUpsideDown UIInterfaceOrientationLandscapeLeft UIInterfaceOrientationLandscapeRight";
				INFOPLIST_KEY_UISupportedInterfaceOrientations_iPhone = UIInterfaceOrientationPortrait;
				IPHONEOS_DEPLOYMENT_TARGET = 14.0;
				LD_RUNPATH_SEARCH_PATHS = (
					"$(inherited)",
					"@executable_path/Frameworks",
				);
				MARKETING_VERSION = 1.0;
				PRODUCT_BUNDLE_IDENTIFIER = KamilSuleymanov.BeAwareOfBiases;
				PRODUCT_NAME = "$(TARGET_NAME)";
				SWIFT_EMIT_LOC_STRINGS = YES;
				SWIFT_VERSION = 5.0;
				TARGETED_DEVICE_FAMILY = 1;
			};
			name = Debug;
		};
		6B1F672A27C2986300C1D463 /* Release */ = {
			isa = XCBuildConfiguration;
			buildSettings = {
				ASSETCATALOG_COMPILER_APPICON_NAME = AppIcon;
				ASSETCATALOG_COMPILER_GLOBAL_ACCENT_COLOR_NAME = AccentColor;
				CODE_SIGN_STYLE = Automatic;
				CURRENT_PROJECT_VERSION = 1;
				DEVELOPMENT_ASSET_PATHS = "\"BeAwareOfBiases/Preview Content\"";
				DEVELOPMENT_TEAM = XWJ7U5B2BL;
				ENABLE_PREVIEWS = YES;
				GENERATE_INFOPLIST_FILE = YES;
				INFOPLIST_KEY_UIApplicationSceneManifest_Generation = YES;
				INFOPLIST_KEY_UIApplicationSupportsIndirectInputEvents = YES;
				INFOPLIST_KEY_UILaunchScreen_Generation = YES;
				INFOPLIST_KEY_UISupportedInterfaceOrientations = UIInterfaceOrientationPortrait;
				INFOPLIST_KEY_UISupportedInterfaceOrientations_iPad = "UIInterfaceOrientationPortrait UIInterfaceOrientationPortraitUpsideDown UIInterfaceOrientationLandscapeLeft UIInterfaceOrientationLandscapeRight";
				INFOPLIST_KEY_UISupportedInterfaceOrientations_iPhone = UIInterfaceOrientationPortrait;
				IPHONEOS_DEPLOYMENT_TARGET = 14.0;
				LD_RUNPATH_SEARCH_PATHS = (
					"$(inherited)",
					"@executable_path/Frameworks",
				);
				MARKETING_VERSION = 1.0;
				PRODUCT_BUNDLE_IDENTIFIER = KamilSuleymanov.BeAwareOfBiases;
				PRODUCT_NAME = "$(TARGET_NAME)";
				SWIFT_EMIT_LOC_STRINGS = YES;
				SWIFT_VERSION = 5.0;
				TARGETED_DEVICE_FAMILY = 1;
			};
			name = Release;
		};
/* End XCBuildConfiguration section */

/* Begin XCConfigurationList section */
		6B1F671527C2986100C1D463 /* Build configuration list for PBXProject "BeAwareOfBiases" */ = {
			isa = XCConfigurationList;
			buildConfigurations = (
				6B1F672627C2986300C1D463 /* Debug */,
				6B1F672727C2986300C1D463 /* Release */,
			);
			defaultConfigurationIsVisible = 0;
			defaultConfigurationName = Release;
		};
		6B1F672827C2986300C1D463 /* Build configuration list for PBXNativeTarget "BeAwareOfBiases" */ = {
			isa = XCConfigurationList;
			buildConfigurations = (
				6B1F672927C2986300C1D463 /* Debug */,
				6B1F672A27C2986300C1D463 /* Release */,
			);
			defaultConfigurationIsVisible = 0;
			defaultConfigurationName = Release;
		};
/* End XCConfigurationList section */
	};
	rootObject = 6B1F671227C2986100C1D463 /* Project object */;
}
